# This file is automatically @generated by Cargo.
# It is not intended for manual editing.
version = 3

[[package]]
name = "cc"
version = "1.0.72"
source = "registry+https://github.com/rust-lang/crates.io-index"
checksum = "22a9137b95ea06864e018375b72adfb7db6e6f68cfc8df5a04d00288050485ee"

[[package]]
name = "esbuild-bug"
version = "0.1.0"
dependencies = [
 "esbuild-rs",
]

[[package]]
name = "esbuild-rs"
version = "0.13.8"
source = "registry+https://github.com/rust-lang/crates.io-index"
checksum = "516a2353dabd00559c2f874993ad4fce114beefb27c2482643e2888888d99b93"
dependencies = [
 "lazy_static",
 "libc",
 "memorymodule-rs",
]

[[package]]
name = "lazy_static"
version = "1.4.0"
source = "registry+https://github.com/rust-lang/crates.io-index"
checksum = "e2abad23fbc42b3700f2f279844dc832adb2b2eb069b2df918f455c4e18cc646"

[[package]]
name = "libc"
version = "0.2.112"
source = "registry+https://github.com/rust-lang/crates.io-index"
checksum = "1b03d17f364a3a042d5e5d46b053bbbf82c92c9430c592dd4c064dc6ee997125"

[[package]]
name = "memorymodule-rs"
version = "0.0.3"
source = "registry+https://github.com/rust-lang/crates.io-index"
checksum = "0c4ead5a227d30610a2dee54d4121a79184072f94865506420e535a778b8a681"
dependencies = [
 "cc",
 "libc",
]
